[["version","2"]]
["","git-latest",["https://github.com/dagger/go"],"refs/heads/main"]
["","git-sha",["https://github.com/dagger/go","refs/heads/main"],"8d294186ba876b781ba4abd12d96735d0d0fb331"]
["","oci-sha",["docker.io/golangci/golangci-lint:v2.13.2"],"sha256:ba07dffad130794ae79ebaa0056809d18c0168f3f846480ffd3eb6c04578b83d"]
["","oci-sha",["docker.io/library/alpine:3.22"],"sha256:14358309a308569c32bdc37e2e0e9694be33a9d99e68afb0f5ff33cc1f695dce"]
["","oci-sha",["docker.io/library/golang:1.25-alpine"],"sha256:1ae0735f00daffa3aaf1363a5184c0d2dc55c78e3db4ec70241cdac97bf84b59"]
["","oci-sha",["docker.io/library/golang:1.27.1"],"sha256:512690a5660563b57d37ecc31129e7f136e831db2aed24a1dbeb8ad7380dc0fa"]
["","oci-sha",["docker.io/library/golang:1.27.1-alpine"],"sha256:cf6fca6641884b8433441b2b0652976f975e1d0fdd26d177eaaf8596087f3125"]
["","oci-sha",["docker.io/pgvector/pgvector:pg16"],"sha256:ccc6e83d6e35e931dc7c5def2022729d5a6c370318d099181995567ff1fb4d6b"]