# Generated by Dagger. Pins the images and git refs this workspace uses.
# Any Dagger command may update this file; always commit it with your changes.
# Run `dagger workspace update` to refresh the pinned versions.
[["version","2"]]
["","git-latest",["github.com/dagger/dang-sdk",["version","v1.0.1"]],"refs/tags/v1.0.1"]
["","git-latest",["github.com/dagger/go"],"refs/heads/main"]
["","git-latest",["github.com/dagger/sdk-helpers",["version","v1"]],"refs/tags/v1.0.4"]
["","git-sha",["github.com/dagger/dang-sdk","refs/tags/v1.0.1"],"6dde4a9ca2cb598bf281ba36778d2428ad53aa48"]
["","git-sha",["github.com/dagger/go","refs/heads/main"],"8d294186ba876b781ba4abd12d96735d0d0fb331"]
["","git-sha",["github.com/dagger/sdk-helpers","refs/tags/v1.0.4"],"6c883f657933ecb06ae86d56d9cd1f8785346bb1"]
["","oci-sha",["docker.io/golangci/golangci-lint:v2.13.2"],"sha256:ba07dffad130794ae79ebaa0056809d18c0168f3f846480ffd3eb6c04578b83d"]
["","oci-sha",["docker.io/library/alpine:3.22"],"sha256:14358309a308569c32bdc37e2e0e9694be33a9d99e68afb0f5ff33cc1f695dce"]
["","oci-sha",["docker.io/library/docker:28-cli"],"sha256:625d9431a9f54c5a2bc90f24f0e1c3d55b1349fd857dd85035f98c2c9acbdd4d"]
["","oci-sha",["docker.io/library/golang:1.25-alpine"],"sha256:1ae0735f00daffa3aaf1363a5184c0d2dc55c78e3db4ec70241cdac97bf84b59"]
["","oci-sha",["docker.io/library/golang:1.27.1"],"sha256:f44f6e88636cfb311f9ebace870ded69d943f227bb3cb27d32ffd84ea18c43ea"]
["","oci-sha",["docker.io/library/golang:1.27.1-alpine"],"sha256:cf6fca6641884b8433441b2b0652976f975e1d0fdd26d177eaaf8596087f3125"]
["","oci-sha",["docker.io/pgvector/pgvector:pg16"],"sha256:ccc6e83d6e35e931dc7c5def2022729d5a6c370318d099181995567ff1fb4d6b"]
["","vanity-url",["https://dagger.io/sdk/helpers"],"https://github.com/dagger/sdk-helpers"]